<?xml version="1.0"?>
<plist version="1.0">
	<dict>
		<key>archiveVersion</key>
		<string>1</string>
		<key>classes</key>
		<dict />
		<key>objectVersion</key>
		<string>46</string>
		<key>objects</key>
		<dict>
			<key>821159A073ABA066739FD401</key>
			<dict>
				<key>children</key>
				<array>
					<string>D58DCB2C0AEFDE6171E29540</string>
				</array>
				<key>isa</key>
				<string>PBXGroup</string>
				<key>name</key>
				<string>osx</string>
				<key>sourceTree</key>
				<string>&lt;group&gt;</string>
			</dict>
			<key>398D2AD7D162CE13BF40CD4F</key>
			<dict>
				<key>children</key>
				<array>
					<string>821159A073ABA066739FD401</string>
				</array>
				<key>isa</key>
				<string>PBXGroup</string>
				<key>name</key>
				<string>lib</string>
				<key>sourceTree</key>
				<string>&lt;group&gt;</string>
			</dict>
			<key>4D508D34156E7076531D9084</key>
			<dict>
				<key>fileRef</key>
				<string>D58DCB2C0AEFDE6171E29540</string>
				<key>isa</key>
				<string>PBXBuildFile</string>
			</dict>
			<key>E1A3FD40C8BCD507345F1126</key>
			<dict>
				<key>fileRef</key>
				<string>D58DCB2C0AEFDE6171E29540</string>
				<key>isa</key>
				<string>PBXBuildFile</string>
			</dict>
			<key>D58DCB2C0AEFDE6171E29540</key>
			<dict>
				<key>lastKnownFileType</key>
				<string>wrapper.framework</string>
				<key>isa</key>
				<string>PBXFileReference</string>
				<key>name</key>
				<string>Syphon.framework</string>
				<key>path</key>
				<string>../../../../../OpenFrameworks/of_v0.9.8_osx_release/addons/ofxSyphon/libs/Syphon/lib/osx/Syphon.framework</string>
				<key>sourceTree</key>
				<string>&lt;group&gt;</string>
			</dict>
			<key>BFC5142103A2E90D8F0F1D07</key>
			<dict>
				<key>fileRef</key>
				<string>7D6F01D93F62D69963F60666</string>
				<key>isa</key>
				<string>PBXBuildFile</string>
			</dict>
			<key>7D6F01D93F62D69963F60666</key>
			<dict>
				<key>explicitFileType</key>
				<string>sourcecode.cpp.objcpp</string>
				<key>fileEncoding</key>
				<string>30</string>
				<key>isa</key>
				<string>PBXFileReference</string>
				<key>name</key>
				<string>SyphonNameboundClient.m</string>
				<key>path</key>
				<string>../../../../../OpenFrameworks/of_v0.9.8_osx_release/addons/ofxSyphon/libs/Syphon/src/SyphonNameboundClient.m</string>
				<key>sourceTree</key>
				<string>SOURCE_ROOT</string>
			</dict>
			<key>50EAFB5FF7C5722E7B4895C7</key>
			<dict>
				<key>children</key>
				<array>
					<string>5E90B942834E8BF1D3DD1C3E</string>
					<string>7D6F01D93F62D69963F60666</string>
				</array>
				<key>isa</key>
				<string>PBXGroup</string>
				<key>name</key>
				<string>src</string>
				<key>sourceTree</key>
				<string>&lt;group&gt;</string>
			</dict>
			<key>65F3085962B3A8825746C3C2</key>
			<dict>
				<key>children</key>
				<array>
					<string>50EAFB5FF7C5722E7B4895C7</string>
					<string>398D2AD7D162CE13BF40CD4F</string>
				</array>
				<key>isa</key>
				<string>PBXGroup</string>
				<key>name</key>
				<string>Syphon</string>
				<key>sourceTree</key>
				<string>&lt;group&gt;</string>
			</dict>
			<key>2317994671CD76BBA16927B8</key>
			<dict>
				<key>children</key>
				<array>
					<string>65F3085962B3A8825746C3C2</string>
				</array>
				<key>isa</key>
				<string>PBXGroup</string>
				<key>name</key>
				<string>libs</string>
				<key>sourceTree</key>
				<string>&lt;group&gt;</string>
			</dict>
			<key>5E90B942834E8BF1D3DD1C3E</key>
			<dict>
				<key>explicitFileType</key>
				<string>sourcecode.c.h</string>
				<key>fileEncoding</key>
				<string>30</string>
				<key>isa</key>
				<string>PBXFileReference</string>
				<key>name</key>
				<string>SyphonNameboundClient.h</string>
				<key>path</key>
				<string>../../../../../OpenFrameworks/of_v0.9.8_osx_release/addons/ofxSyphon/libs/Syphon/src/SyphonNameboundClient.h</string>
				<key>sourceTree</key>
				<string>SOURCE_ROOT</string>
			</dict>
			<key>8EC95A402AB8168AAD35E770</key>
			<dict>
				<key>fileRef</key>
				<string>B4792CCA7AD04E0E41EE4554</string>
				<key>isa</key>
				<string>PBXBuildFile</string>
			</dict>
			<key>B4792CCA7AD04E0E41EE4554</key>
			<dict>
				<key>explicitFileType</key>
				<string>sourcecode.cpp.objcpp</string>
				<key>fileEncoding</key>
				<string>30</string>
				<key>isa</key>
				<string>PBXFileReference</string>
				<key>name</key>
				<string>ofxSyphonServerDirectory.mm</string>
				<key>path</key>
				<string>../../../../../OpenFrameworks/of_v0.9.8_osx_release/addons/ofxSyphon/src/ofxSyphonServerDirectory.mm</string>
				<key>sourceTree</key>
				<string>SOURCE_ROOT</string>
			</dict>
			<key>579304D73BDB3DEC247B8109</key>
			<dict>
				<key>explicitFileType</key>
				<string>sourcecode.c.h</string>
				<key>fileEncoding</key>
				<string>30</string>
				<key>isa</key>
				<string>PBXFileReference</string>
				<key>name</key>
				<string>ofxSyphonServerDirectory.h</string>
				<key>path</key>
				<string>../../../../../OpenFrameworks/of_v0.9.8_osx_release/addons/ofxSyphon/src/ofxSyphonServerDirectory.h</string>
				<key>sourceTree</key>
				<string>SOURCE_ROOT</string>
			</dict>
			<key>8493C5A88CA7FABA38FD0C02</key>
			<dict>
				<key>fileRef</key>
				<string>A68AD554F746558442185924</string>
				<key>isa</key>
				<string>PBXBuildFile</string>
			</dict>
			<key>A68AD554F746558442185924</key>
			<dict>
				<key>explicitFileType</key>
				<string>sourcecode.cpp.objcpp</string>
				<key>fileEncoding</key>
				<string>30</string>
				<key>isa</key>
				<string>PBXFileReference</string>
				<key>name</key>
				<string>ofxSyphonServer.mm</string>
				<key>path</key>
				<string>../../../../../OpenFrameworks/of_v0.9.8_osx_release/addons/ofxSyphon/src/ofxSyphonServer.mm</string>
				<key>sourceTree</key>
				<string>SOURCE_ROOT</string>
			</dict>
			<key>079D87738884DCF695A20EEC</key>
			<dict>
				<key>explicitFileType</key>
				<string>sourcecode.c.h</string>
				<key>fileEncoding</key>
				<string>30</string>
				<key>isa</key>
				<string>PBXFileReference</string>
				<key>name</key>
				<string>ofxSyphonServer.h</string>
				<key>path</key>
				<string>../../../../../OpenFrameworks/of_v0.9.8_osx_release/addons/ofxSyphon/src/ofxSyphonServer.h</string>
				<key>sourceTree</key>
				<string>SOURCE_ROOT</string>
			</dict>
			<key>782B476417D2B34AA8377459</key>
			<dict>
				<key>fileRef</key>
				<string>69690EBDD6DA60186529D589</string>
				<key>isa</key>
				<string>PBXBuildFile</string>
			</dict>
			<key>69690EBDD6DA60186529D589</key>
			<dict>
				<key>explicitFileType</key>
				<string>sourcecode.cpp.objcpp</string>
				<key>fileEncoding</key>
				<string>30</string>
				<key>isa</key>
				<string>PBXFileReference</string>
				<key>name</key>
				<string>ofxSyphonClient.mm</string>
				<key>path</key>
				<string>../../../../../OpenFrameworks/of_v0.9.8_osx_release/addons/ofxSyphon/src/ofxSyphonClient.mm</string>
				<key>sourceTree</key>
				<string>SOURCE_ROOT</string>
			</dict>
			<key>8E07E407B7B8AB3DFA8E9859</key>
			<dict>
				<key>explicitFileType</key>
				<string>sourcecode.c.h</string>
				<key>fileEncoding</key>
				<string>30</string>
				<key>isa</key>
				<string>PBXFileReference</string>
				<key>name</key>
				<string>ofxSyphonClient.h</string>
				<key>path</key>
				<string>../../../../../OpenFrameworks/of_v0.9.8_osx_release/addons/ofxSyphon/src/ofxSyphonClient.h</string>
				<key>sourceTree</key>
				<string>SOURCE_ROOT</string>
			</dict>
			<key>49A9E39C52C2DF4DDA1E185F</key>
			<dict>
				<key>children</key>
				<array>
					<string>BA7E5AAEA943731FF2C842C4</string>
					<string>8E07E407B7B8AB3DFA8E9859</string>
					<string>69690EBDD6DA60186529D589</string>
					<string>079D87738884DCF695A20EEC</string>
					<string>A68AD554F746558442185924</string>
					<string>579304D73BDB3DEC247B8109</string>
					<string>B4792CCA7AD04E0E41EE4554</string>
				</array>
				<key>isa</key>
				<string>PBXGroup</string>
				<key>name</key>
				<string>src</string>
				<key>sourceTree</key>
				<string>&lt;group&gt;</string>
			</dict>
			<key>7F3C04577424427D348B1425</key>
			<dict>
				<key>children</key>
				<array>
					<string>49A9E39C52C2DF4DDA1E185F</string>
					<string>2317994671CD76BBA16927B8</string>
				</array>
				<key>isa</key>
				<string>PBXGroup</string>
				<key>name</key>
				<string>ofxSyphon</string>
				<key>sourceTree</key>
				<string>&lt;group&gt;</string>
			</dict>
			<key>BA7E5AAEA943731FF2C842C4</key>
			<dict>
				<key>explicitFileType</key>
				<string>sourcecode.c.h</string>
				<key>fileEncoding</key>
				<string>30</string>
				<key>isa</key>
				<string>PBXFileReference</string>
				<key>name</key>
				<string>ofxSyphon.h</string>
				<key>path</key>
				<string>../../../../../OpenFrameworks/of_v0.9.8_osx_release/addons/ofxSyphon/src/ofxSyphon.h</string>
				<key>sourceTree</key>
				<string>SOURCE_ROOT</string>
			</dict>
			<key>A20A04F32EF0F2958B62A9AD</key>
			<dict>
				<key>explicitFileType</key>
				<string>sourcecode.c.h</string>
				<key>fileEncoding</key>
				<string>30</string>
				<key>isa</key>
				<string>PBXFileReference</string>
				<key>name</key>
				<string>OscTypes.h</string>
				<key>path</key>
				<string>../../../../../OpenFrameworks/of_v0.9.8_osx_release/addons/ofxOsc/libs/oscpack/src/osc/OscTypes.h</string>
				<key>sourceTree</key>
				<string>SOURCE_ROOT</string>
			</dict>
			<key>E3D0A003C392FE5CBC10A3A1</key>
			<dict>
				<key>fileRef</key>
				<string>1E3318C1C6AB2E69C43B72FB</string>
				<key>isa</key>
				<string>PBXBuildFile</string>
			</dict>
			<key>1E3318C1C6AB2E69C43B72FB</key>
			<dict>
				<key>explicitFileType</key>
				<string>sourcecode.cpp.cpp</string>
				<key>fileEncoding</key>
				<string>30</string>
				<key>isa</key>
				<string>PBXFileReference</string>
				<key>name</key>
				<string>OscTypes.cpp</string>
				<key>path</key>
				<string>../../../../../OpenFrameworks/of_v0.9.8_osx_release/addons/ofxOsc/libs/oscpack/src/osc/OscTypes.cpp</string>
				<key>sourceTree</key>
				<string>SOURCE_ROOT</string>
			</dict>
			<key>3F706E9208609FBDC4D6765E</key>
			<dict>
				<key>explicitFileType</key>
				<string>sourcecode.c.h</string>
				<key>fileEncoding</key>
				<string>30</string>
				<key>isa</key>
				<string>PBXFileReference</string>
				<key>name</key>
				<string>OscReceivedElements.h</string>
				<key>path</key>
				<string>../../../../../OpenFrameworks/of_v0.9.8_osx_release/addons/ofxOsc/libs/oscpack/src/osc/OscReceivedElements.h</string>
				<key>sourceTree</key>
				<string>SOURCE_ROOT</string>
			</dict>
			<key>8145A752A6561F68667067D1</key>
			<dict>
				<key>fileRef</key>
				<string>4782CEA5410D21CB9D2FB809</string>
				<key>isa</key>
				<string>PBXBuildFile</string>
			</dict>
			<key>4782CEA5410D21CB9D2FB809</key>
			<dict>
				<key>explicitFileType</key>
				<string>sourcecode.cpp.cpp</string>
				<key>fileEncoding</key>
				<string>30</string>
				<key>isa</key>
				<string>PBXFileReference</string>
				<key>name</key>
				<string>OscReceivedElements.cpp</string>
				<key>path</key>
				<string>../../../../../OpenFrameworks/of_v0.9.8_osx_release/addons/ofxOsc/libs/oscpack/src/osc/OscReceivedElements.cpp</string>
				<key>sourceTree</key>
				<string>SOURCE_ROOT</string>
			</dict>
			<key>6E79EDD11971027F77CB6C19</key>
			<dict>
				<key>explicitFileType</key>
				<string>sourcecode.c.h</string>
				<key>fileEncoding</key>
				<string>30</string>
				<key>isa</key>
				<string>PBXFileReference</string>
				<key>name</key>
				<string>OscPrintReceivedElements.h</string>
				<key>path</key>
				<string>../../../../../OpenFrameworks/of_v0.9.8_osx_release/addons/ofxOsc/libs/oscpack/src/osc/OscPrintReceivedElements.h</string>
				<key>sourceTree</key>
				<string>SOURCE_ROOT</string>
			</dict>
			<key>55FE8E44EB3DD9A7305A8DAA</key>
			<dict>
				<key>fileRef</key>
				<string>3F4DDED514FFD4068A7446A2</string>
				<key>isa</key>
				<string>PBXBuildFile</string>
			</dict>
			<key>3F4DDED514FFD4068A7446A2</key>
			<dict>
				<key>explicitFileType</key>
				<string>sourcecode.cpp.cpp</string>
				<key>fileEncoding</key>
				<string>30</string>
				<key>isa</key>
				<string>PBXFileReference</string>
				<key>name</key>
				<string>OscPrintReceivedElements.cpp</string>
				<key>path</key>
				<string>../../../../../OpenFrameworks/of_v0.9.8_osx_release/addons/ofxOsc/libs/oscpack/src/osc/OscPrintReceivedElements.cpp</string>
				<key>sourceTree</key>
				<string>SOURCE_ROOT</string>
			</dict>
			<key>4FE3DD629CCB29C5C112CC52</key>
			<dict>
				<key>explicitFileType</key>
				<string>sourcecode.c.h</string>
				<key>fileEncoding</key>
				<string>30</string>
				<key>isa</key>
				<string>PBXFileReference</string>
				<key>name</key>
				<string>OscPacketListener.h</string>
				<key>path</key>
				<string>../../../../../OpenFrameworks/of_v0.9.8_osx_release/addons/ofxOsc/libs/oscpack/src/osc/OscPacketListener.h</string>
				<key>sourceTree</key>
				<string>SOURCE_ROOT</string>
			</dict>
			<key>CCE5B7555C329498782582E8</key>
			<dict>
				<key>explicitFileType</key>
				<string>sourcecode.c.h</string>
				<key>fileEncoding</key>
				<string>30</string>
				<key>isa</key>
				<string>PBXFileReference</string>
				<key>name</key>
				<string>OscOutboundPacketStream.h</string>
				<key>path</key>
				<string>../../../../../OpenFrameworks/of_v0.9.8_osx_release/addons/ofxOsc/libs/oscpack/src/osc/OscOutboundPacketStream.h</string>
				<key>sourceTree</key>
				<string>SOURCE_ROOT</string>
			</dict>
			<key>6B8B9E54F356746B8C7FA0FE</key>
			<dict>
				<key>fileRef</key>
				<string>0165B69B4C5D6A295570D17F</string>
				<key>isa</key>
				<string>PBXBuildFile</string>
			</dict>
			<key>0165B69B4C5D6A295570D17F</key>
			<dict>
				<key>explicitFileType</key>
				<string>sourcecode.cpp.cpp</string>
				<key>fileEncoding</key>
				<string>30</string>
				<key>isa</key>
				<string>PBXFileReference</string>
				<key>name</key>
				<string>OscOutboundPacketStream.cpp</string>
				<key>path</key>
				<string>../../../../../OpenFrameworks/of_v0.9.8_osx_release/addons/ofxOsc/libs/oscpack/src/osc/OscOutboundPacketStream.cpp</string>
				<key>sourceTree</key>
				<string>SOURCE_ROOT</string>
			</dict>
			<key>EB682A36B7A24E6113866BC3</key>
			<dict>
				<key>explicitFileType</key>
				<string>sourcecode.c.h</string>
				<key>fileEncoding</key>
				<string>30</string>
				<key>isa</key>
				<string>PBXFileReference</string>
				<key>name</key>
				<string>OscHostEndianness.h</string>
				<key>path</key>
				<string>../../../../../OpenFrameworks/of_v0.9.8_osx_release/addons/ofxOsc/libs/oscpack/src/osc/OscHostEndianness.h</string>
				<key>sourceTree</key>
				<string>SOURCE_ROOT</string>
			</dict>
			<key>42E0909A7A44651203F70A36</key>
			<dict>
				<key>explicitFileType</key>
				<string>sourcecode.c.h</string>
				<key>fileEncoding</key>
				<string>30</string>
				<key>isa</key>
				<string>PBXFileReference</string>
				<key>name</key>
				<string>OscException.h</string>
				<key>path</key>
				<string>../../../../../OpenFrameworks/of_v0.9.8_osx_release/addons/ofxOsc/libs/oscpack/src/osc/OscException.h</string>
				<key>sourceTree</key>
				<string>SOURCE_ROOT</string>
			</dict>
			<key>30CB364908817057B430D528</key>
			<dict>
				<key>children</key>
				<array>
					<string>7900505AC563759B27AB569C</string>
					<string>42E0909A7A44651203F70A36</string>
					<string>EB682A36B7A24E6113866BC3</string>
					<string>0165B69B4C5D6A295570D17F</string>
					<string>CCE5B7555C329498782582E8</string>
					<string>4FE3DD629CCB29C5C112CC52</string>
					<string>3F4DDED514FFD4068A7446A2</string>
					<string>6E79EDD11971027F77CB6C19</string>
					<string>4782CEA5410D21CB9D2FB809</string>
					<string>3F706E9208609FBDC4D6765E</string>
					<string>1E3318C1C6AB2E69C43B72FB</string>
					<string>A20A04F32EF0F2958B62A9AD</string>
				</array>
				<key>isa</key>
				<string>PBXGroup</string>
				<key>name</key>
				<string>osc</string>
				<key>sourceTree</key>
				<string>&lt;group&gt;</string>
			</dict>
			<key>7900505AC563759B27AB569C</key>
			<dict>
				<key>explicitFileType</key>
				<string>sourcecode.c.h</string>
				<key>fileEncoding</key>
				<string>30</string>
				<key>isa</key>
				<string>PBXFileReference</string>
				<key>name</key>
				<string>MessageMappingOscPacketListener.h</string>
				<key>path</key>
				<string>../../../../../OpenFrameworks/of_v0.9.8_osx_release/addons/ofxOsc/libs/oscpack/src/osc/MessageMappingOscPacketListener.h</string>
				<key>sourceTree</key>
				<string>SOURCE_ROOT</string>
			</dict>
			<key>0FDEF448CF5F1C9100A041F2</key>
			<dict>
				<key>explicitFileType</key>
				<string>sourcecode.c.h</string>
				<key>fileEncoding</key>
				<string>30</string>
				<key>isa</key>
				<string>PBXFileReference</string>
				<key>name</key>
				<string>UdpSocket.h</string>
				<key>path</key>
				<string>../../../../../OpenFrameworks/of_v0.9.8_osx_release/addons/ofxOsc/libs/oscpack/src/ip/UdpSocket.h</string>
				<key>sourceTree</key>
				<string>SOURCE_ROOT</string>
			</dict>
			<key>AE3F88821DEE2A4561C50035</key>
			<dict>
				<key>explicitFileType</key>
				<string>sourcecode.c.h</string>
				<key>fileEncoding</key>
				<string>30</string>
				<key>isa</key>
				<string>PBXFileReference</string>
				<key>name</key>
				<string>TimerListener.h</string>
				<key>path</key>
				<string>../../../../../OpenFrameworks/of_v0.9.8_osx_release/addons/ofxOsc/libs/oscpack/src/ip/TimerListener.h</string>
				<key>sourceTree</key>
				<string>SOURCE_ROOT</string>
			</dict>
			<key>FBF25251A193F2D8156A75FE</key>
			<dict>
				<key>fileRef</key>
				<string>6EF7D99B975B2A3A2CEBB43B</string>
				<key>isa</key>
				<string>PBXBuildFile</string>
			</dict>
			<key>6EF7D99B975B2A3A2CEBB43B</key>
			<dict>
				<key>explicitFileType</key>
				<string>sourcecode.cpp.cpp</string>
				<key>fileEncoding</key>
				<string>30</string>
				<key>isa</key>
				<string>PBXFileReference</string>
				<key>name</key>
				<string>UdpSocket.cpp</string>
				<key>path</key>
				<string>../../../../../OpenFrameworks/of_v0.9.8_osx_release/addons/ofxOsc/libs/oscpack/src/ip/posix/UdpSocket.cpp</string>
				<key>sourceTree</key>
				<string>SOURCE_ROOT</string>
			</dict>
			<key>641362CA659FAFEE4E81001B</key>
			<dict>
				<key>children</key>
				<array>
					<string>5C043C21A79C1FE6A79D1B69</string>
					<string>6EF7D99B975B2A3A2CEBB43B</string>
				</array>
				<key>isa</key>
				<string>PBXGroup</string>
				<key>name</key>
				<string>posix</string>
				<key>sourceTree</key>
				<string>&lt;group&gt;</string>
			</dict>
			<key>2319FCC714C4C100DA8604C1</key>
			<dict>
				<key>fileRef</key>
				<string>5C043C21A79C1FE6A79D1B69</string>
				<key>isa</key>
				<string>PBXBuildFile</string>
			</dict>
			<key>5C043C21A79C1FE6A79D1B69</key>
			<dict>
				<key>explicitFileType</key>
				<string>sourcecode.cpp.cpp</string>
				<key>fileEncoding</key>
				<string>30</string>
				<key>isa</key>
				<string>PBXFileReference</string>
				<key>name</key>
				<string>NetworkingUtils.cpp</string>
				<key>path</key>
				<string>../../../../../OpenFrameworks/of_v0.9.8_osx_release/addons/ofxOsc/libs/oscpack/src/ip/posix/NetworkingUtils.cpp</string>
				<key>sourceTree</key>
				<string>SOURCE_ROOT</string>
			</dict>
			<key>714213A065FC14F391F2DB91</key>
			<dict>
				<key>explicitFileType</key>
				<string>sourcecode.c.h</string>
				<key>fileEncoding</key>
				<string>30</string>
				<key>isa</key>
				<string>PBXFileReference</string>
				<key>name</key>
				<string>PacketListener.h</string>
				<key>path</key>
				<string>../../../../../OpenFrameworks/of_v0.9.8_osx_release/addons/ofxOsc/libs/oscpack/src/ip/PacketListener.h</string>
				<key>sourceTree</key>
				<string>SOURCE_ROOT</string>
			</dict>
			<key>579BD2F43784920F5CFBE15A</key>
			<dict>
				<key>explicitFileType</key>
				<string>sourcecode.c.h</string>
				<key>fileEncoding</key>
				<string>30</string>
				<key>isa</key>
				<string>PBXFileReference</string>
				<key>name</key>
				<string>NetworkingUtils.h</string>
				<key>path</key>
				<string>../../../../../OpenFrameworks/of_v0.9.8_osx_release/addons/ofxOsc/libs/oscpack/src/ip/NetworkingUtils.h</string>
				<key>sourceTree</key>
				<string>SOURCE_ROOT</string>
			</dict>
			<key>ECFA21118DB89A038CC48227</key>
			<dict>
				<key>explicitFileType</key>
				<string>sourcecode.c.h</string>
				<key>fileEncoding</key>
				<string>30</string>
				<key>isa</key>
				<string>PBXFileReference</string>
				<key>name</key>
				<string>IpEndpointName.h</string>
				<key>path</key>
				<string>../../../../../OpenFrameworks/of_v0.9.8_osx_release/addons/ofxOsc/libs/oscpack/src/ip/IpEndpointName.h</string>
				<key>sourceTree</key>
				<string>SOURCE_ROOT</string>
			</dict>
			<key>FF8CDF57858E9B94E3237115</key>
			<dict>
				<key>children</key>
				<array>
					<string>3DC48C2D7E4FAF6FF4FA40A5</string>
					<string>ECFA21118DB89A038CC48227</string>
					<string>579BD2F43784920F5CFBE15A</string>
					<string>714213A065FC14F391F2DB91</string>
					<string>641362CA659FAFEE4E81001B</string>
					<string>AE3F88821DEE2A4561C50035</string>
					<string>0FDEF448CF5F1C9100A041F2</string>
				</array>
				<key>isa</key>
				<string>PBXGroup</string>
				<key>name</key>
				<string>ip</string>
				<key>sourceTree</key>
				<string>&lt;group&gt;</string>
			</dict>
			<key>D27B2221A225CA523C019676</key>
			<dict>
				<key>children</key>
				<array>
					<string>FF8CDF57858E9B94E3237115</string>
					<string>30CB364908817057B430D528</string>
				</array>
				<key>isa</key>
				<string>PBXGroup</string>
				<key>name</key>
				<string>src</string>
				<key>sourceTree</key>
				<string>&lt;group&gt;</string>
			</dict>
			<key>86D2677079A3AF4A5A88E29A</key>
			<dict>
				<key>children</key>
				<array>
					<string>D27B2221A225CA523C019676</string>
				</array>
				<key>isa</key>
				<string>PBXGroup</string>
				<key>name</key>
				<string>oscpack</string>
				<key>sourceTree</key>
				<string>&lt;group&gt;</string>
			</dict>
			<key>38871A5825686AE018EC2BF0</key>
			<dict>
				<key>children</key>
				<array>
					<string>86D2677079A3AF4A5A88E29A</string>
				</array>
				<key>isa</key>
				<string>PBXGroup</string>
				<key>name</key>
				<string>libs</string>
				<key>sourceTree</key>
				<string>&lt;group&gt;</string>
			</dict>
			<key>6AED5071C39FB26481D10144</key>
			<dict>
				<key>fileRef</key>
				<string>3DC48C2D7E4FAF6FF4FA40A5</string>
				<key>isa</key>
				<string>PBXBuildFile</string>
			</dict>
			<key>3DC48C2D7E4FAF6FF4FA40A5</key>
			<dict>
				<key>explicitFileType</key>
				<string>sourcecode.cpp.cpp</string>
				<key>fileEncoding</key>
				<string>30</string>
				<key>isa</key>
				<string>PBXFileReference</string>
				<key>name</key>
				<string>IpEndpointName.cpp</string>
				<key>path</key>
				<string>../../../../../OpenFrameworks/of_v0.9.8_osx_release/addons/ofxOsc/libs/oscpack/src/ip/IpEndpointName.cpp</string>
				<key>sourceTree</key>
				<string>SOURCE_ROOT</string>
			</dict>
			<key>3C2A19F243ECB21F5548E682</key>
			<dict>
				<key>explicitFileType</key>
				<string>sourcecode.c.h</string>
				<key>fileEncoding</key>
				<string>30</string>
				<key>isa</key>
				<string>PBXFileReference</string>
				<key>name</key>
				<string>ofxOscSender.h</string>
				<key>path</key>
				<string>../../../../../OpenFrameworks/of_v0.9.8_osx_release/addons/ofxOsc/src/ofxOscSender.h</string>
				<key>sourceTree</key>
				<string>SOURCE_ROOT</string>
			</dict>
			<key>8664A78059C1C5182FBB8207</key>
			<dict>
				<key>fileRef</key>
				<string>E385E3050584B49CD5F15372</string>
				<key>isa</key>
				<string>PBXBuildFile</string>
			</dict>
			<key>E385E3050584B49CD5F15372</key>
			<dict>
				<key>explicitFileType</key>
				<string>sourcecode.cpp.cpp</string>
				<key>fileEncoding</key>
				<string>30</string>
				<key>isa</key>
				<string>PBXFileReference</string>
				<key>name</key>
				<string>ofxOscSender.cpp</string>
				<key>path</key>
				<string>../../../../../OpenFrameworks/of_v0.9.8_osx_release/addons/ofxOsc/src/ofxOscSender.cpp</string>
				<key>sourceTree</key>
				<string>SOURCE_ROOT</string>
			</dict>
			<key>A17AEBB07431059C1508DFC4</key>
			<dict>
				<key>explicitFileType</key>
				<string>sourcecode.c.h</string>
				<key>fileEncoding</key>
				<string>30</string>
				<key>isa</key>
				<string>PBXFileReference</string>
				<key>name</key>
				<string>ofxOscReceiver.h</string>
				<key>path</key>
				<string>../../../../../OpenFrameworks/of_v0.9.8_osx_release/addons/ofxOsc/src/ofxOscReceiver.h</string>
				<key>sourceTree</key>
				<string>SOURCE_ROOT</string>
			</dict>
			<key>8F76AE8B08981AD66910332F</key>
			<dict>
				<key>fileRef</key>
				<string>A37E676A8FD7358DED0E1A34</string>
				<key>isa</key>
				<string>PBXBuildFile</string>
			</dict>
			<key>A37E676A8FD7358DED0E1A34</key>
			<dict>
				<key>explicitFileType</key>
				<string>sourcecode.cpp.cpp</string>
				<key>fileEncoding</key>
				<string>30</string>
				<key>isa</key>
				<string>PBXFileReference</string>
				<key>name</key>
				<string>ofxOscReceiver.cpp</string>
				<key>path</key>
				<string>../../../../../OpenFrameworks/of_v0.9.8_osx_release/addons/ofxOsc/src/ofxOscReceiver.cpp</string>
				<key>sourceTree</key>
				<string>SOURCE_ROOT</string>
			</dict>
			<key>BF77E7CFF34E7AE72AA13B2B</key>
			<dict>
				<key>explicitFileType</key>
				<string>sourcecode.c.h</string>
				<key>fileEncoding</key>
				<string>30</string>
				<key>isa</key>
				<string>PBXFileReference</string>
				<key>name</key>
				<string>ofxOscParameterSync.h</string>
				<key>path</key>
				<string>../../../../../OpenFrameworks/of_v0.9.8_osx_release/addons/ofxOsc/src/ofxOscParameterSync.h</string>
				<key>sourceTree</key>
				<string>SOURCE_ROOT</string>
			</dict>
			<key>A08958D0339A59E5749D6F08</key>
			<dict>
				<key>fileRef</key>
				<string>042327F6BBA93D72445B4C25</string>
				<key>isa</key>
				<string>PBXBuildFile</string>
			</dict>
			<key>042327F6BBA93D72445B4C25</key>
			<dict>
				<key>explicitFileType</key>
				<string>sourcecode.cpp.cpp</string>
				<key>fileEncoding</key>
				<string>30</string>
				<key>isa</key>
				<string>PBXFileReference</string>
				<key>name</key>
				<string>ofxOscParameterSync.cpp</string>
				<key>path</key>
				<string>../../../../../OpenFrameworks/of_v0.9.8_osx_release/addons/ofxOsc/src/ofxOscParameterSync.cpp</string>
				<key>sourceTree</key>
				<string>SOURCE_ROOT</string>
			</dict>
			<key>1EBA02CE68203E2E57C40603</key>
			<dict>
				<key>explicitFileType</key>
				<string>sourcecode.c.h</string>
				<key>fileEncoding</key>
				<string>30</string>
				<key>isa</key>
				<string>PBXFileReference</string>
				<key>name</key>
				<string>ofxOscMessage.h</string>
				<key>path</key>
				<string>../../../../../OpenFrameworks/of_v0.9.8_osx_release/addons/ofxOsc/src/ofxOscMessage.h</string>
				<key>sourceTree</key>
				<string>SOURCE_ROOT</string>
			</dict>
			<key>CF86413294CD127170832B00</key>
			<dict>
				<key>fileRef</key>
				<string>677C05965CC63067441BEBD6</string>
				<key>isa</key>
				<string>PBXBuildFile</string>
			</dict>
			<key>677C05965CC63067441BEBD6</key>
			<dict>
				<key>explicitFileType</key>
				<string>sourcecode.cpp.cpp</string>
				<key>fileEncoding</key>
				<string>30</string>
				<key>isa</key>
				<string>PBXFileReference</string>
				<key>name</key>
				<string>ofxOscMessage.cpp</string>
				<key>path</key>
				<string>../../../../../OpenFrameworks/of_v0.9.8_osx_release/addons/ofxOsc/src/ofxOscMessage.cpp</string>
				<key>sourceTree</key>
				<string>SOURCE_ROOT</string>
			</dict>
			<key>B3D01E0C7A8ACA99FF16B5B2</key>
			<dict>
				<key>explicitFileType</key>
				<string>sourcecode.c.h</string>
				<key>fileEncoding</key>
				<string>30</string>
				<key>isa</key>
				<string>PBXFileReference</string>
				<key>name</key>
				<string>ofxOscBundle.h</string>
				<key>path</key>
				<string>../../../../../OpenFrameworks/of_v0.9.8_osx_release/addons/ofxOsc/src/ofxOscBundle.h</string>
				<key>sourceTree</key>
				<string>SOURCE_ROOT</string>
			</dict>
			<key>8B1CAB5181D3EDF9FFC6F1EC</key>
			<dict>
				<key>fileRef</key>
				<string>F7AE79DCC050FC1624E2AF77</string>
				<key>isa</key>
				<string>PBXBuildFile</string>
			</dict>
			<key>F7AE79DCC050FC1624E2AF77</key>
			<dict>
				<key>explicitFileType</key>
				<string>sourcecode.cpp.cpp</string>
				<key>fileEncoding</key>
				<string>30</string>
				<key>isa</key>
				<string>PBXFileReference</string>
				<key>name</key>
				<string>ofxOscBundle.cpp</string>
				<key>path</key>
				<string>../../../../../OpenFrameworks/of_v0.9.8_osx_release/addons/ofxOsc/src/ofxOscBundle.cpp</string>
				<key>sourceTree</key>
				<string>SOURCE_ROOT</string>
			</dict>
			<key>C9C671CBBB520C554A0DEF15</key>
			<dict>
				<key>explicitFileType</key>
				<string>sourcecode.c.h</string>
				<key>fileEncoding</key>
				<string>30</string>
				<key>isa</key>
				<string>PBXFileReference</string>
				<key>name</key>
				<string>ofxOscArg.h</string>
				<key>path</key>
				<string>../../../../../OpenFrameworks/of_v0.9.8_osx_release/addons/ofxOsc/src/ofxOscArg.h</string>
				<key>sourceTree</key>
				<string>SOURCE_ROOT</string>
			</dict>
			<key>BD2F1A9F8D0C05EDB29122D0</key>
			<dict>
				<key>children</key>
				<array>
					<string>6826D5963658D90391A73769</string>
					<string>C9C671CBBB520C554A0DEF15</string>
					<string>F7AE79DCC050FC1624E2AF77</string>
					<string>B3D01E0C7A8ACA99FF16B5B2</string>
					<string>677C05965CC63067441BEBD6</string>
					<string>1EBA02CE68203E2E57C40603</string>
					<string>042327F6BBA93D72445B4C25</string>
					<string>BF77E7CFF34E7AE72AA13B2B</string>
					<string>A37E676A8FD7358DED0E1A34</string>
					<string>A17AEBB07431059C1508DFC4</string>
					<string>E385E3050584B49CD5F15372</string>
					<string>3C2A19F243ECB21F5548E682</string>
				</array>
				<key>isa</key>
				<string>PBXGroup</string>
				<key>name</key>
				<string>src</string>
				<key>sourceTree</key>
				<string>&lt;group&gt;</string>
			</dict>
			<key>E6053AB7FEC63D5F83825B88</key>
			<dict>
				<key>children</key>
				<array>
					<string>BD2F1A9F8D0C05EDB29122D0</string>
					<string>38871A5825686AE018EC2BF0</string>
				</array>
				<key>isa</key>
				<string>PBXGroup</string>
				<key>name</key>
				<string>ofxOsc</string>
				<key>sourceTree</key>
				<string>&lt;group&gt;</string>
			</dict>
			<key>6826D5963658D90391A73769</key>
			<dict>
				<key>explicitFileType</key>
				<string>sourcecode.c.h</string>
				<key>fileEncoding</key>
				<string>30</string>
				<key>isa</key>
				<string>PBXFileReference</string>
				<key>name</key>
				<string>ofxOsc.h</string>
				<key>path</key>
				<string>../../../../../OpenFrameworks/of_v0.9.8_osx_release/addons/ofxOsc/src/ofxOsc.h</string>
				<key>sourceTree</key>
				<string>SOURCE_ROOT</string>
			</dict>
			<key>2D45B7E8691278A4788FF822</key>
			<dict>
				<key>explicitFileType</key>
				<string>sourcecode.c.h</string>
				<key>fileEncoding</key>
				<string>30</string>
				<key>isa</key>
				<string>PBXFileReference</string>
				<key>name</key>
				<string>ofxFluid.h</string>
				<key>path</key>
				<string>../../../../../OpenFrameworks/of_v0.9.8_osx_release/addons/ofxFluid/src/ofxFluid.h</string>
				<key>sourceTree</key>
				<string>SOURCE_ROOT</string>
			</dict>
			<key>331B2291D2642CA1A93D922A</key>
			<dict>
				<key>children</key>
				<array>
					<string>71C1E0B4E3F76F5146206760</string>
					<string>2D45B7E8691278A4788FF822</string>
				</array>
				<key>isa</key>
				<string>PBXGroup</string>
				<key>name</key>
				<string>src</string>
				<key>sourceTree</key>
				<string>&lt;group&gt;</string>
			</dict>
			<key>AC589A74CE1B327ED3EED72A</key>
			<dict>
				<key>children</key>
				<array>
					<string>331B2291D2642CA1A93D922A</string>
				</array>
				<key>isa</key>
				<string>PBXGroup</string>
				<key>name</key>
				<string>ofxFluid</string>
				<key>sourceTree</key>
				<string>&lt;group&gt;</string>
			</dict>
			<key>A410AA878A34F46EB4824647</key>
			<dict>
				<key>fileRef</key>
				<string>71C1E0B4E3F76F5146206760</string>
				<key>isa</key>
				<string>PBXBuildFile</string>
			</dict>
			<key>71C1E0B4E3F76F5146206760</key>
			<dict>
				<key>explicitFileType</key>
				<string>sourcecode.cpp.cpp</string>
				<key>fileEncoding</key>
				<string>30</string>
				<key>isa</key>
				<string>PBXFileReference</string>
				<key>name</key>
				<string>ofxFluid.cpp</string>
				<key>path</key>
				<string>../../../../../OpenFrameworks/of_v0.9.8_osx_release/addons/ofxFluid/src/ofxFluid.cpp</string>
				<key>sourceTree</key>
				<string>SOURCE_ROOT</string>
			</dict>
			<key>0B5533767A68D1B77BF27F45</key>
			<dict>
				<key>explicitFileType</key>
				<string>sourcecode.c.h</string>
				<key>fileEncoding</key>
				<string>30</string>
				<key>isa</key>
				<string>PBXFileReference</string>
				<key>name</key>
				<string>ofxThreshold.h</string>
				<key>path</key>
				<string>../../../../../OpenFrameworks/of_v0.9.8_osx_release/addons/ofxFX/src/operations/ofxThreshold.h</string>
				<key>sourceTree</key>
				<string>SOURCE_ROOT</string>
			</dict>
			<key>A5C928C473B015AC0351E913</key>
			<dict>
				<key>explicitFileType</key>
				<string>sourcecode.c.h</string>
				<key>fileEncoding</key>
				<string>30</string>
				<key>isa</key>
				<string>PBXFileReference</string>
				<key>name</key>
				<string>ofxSubstract.h</string>
				<key>path</key>
				<string>../../../../../OpenFrameworks/of_v0.9.8_osx_release/addons/ofxFX/src/operations/ofxSubstract.h</string>
				<key>sourceTree</key>
				<string>SOURCE_ROOT</string>
			</dict>
			<key>5822227B0C69BDDA91E1649B</key>
			<dict>
				<key>explicitFileType</key>
				<string>sourcecode.c.h</string>
				<key>fileEncoding</key>
				<string>30</string>
				<key>isa</key>
				<string>PBXFileReference</string>
				<key>name</key>
				<string>ofxRipples.h</string>
				<key>path</key>
				<string>../../../../../OpenFrameworks/of_v0.9.8_osx_release/addons/ofxFX/src/operations/ofxRipples.h</string>
				<key>sourceTree</key>
				<string>SOURCE_ROOT</string>
			</dict>
			<key>BDA8A3A3C9392D60A91DADC7</key>
			<dict>
				<key>explicitFileType</key>
				<string>sourcecode.c.h</string>
				<key>fileEncoding</key>
				<string>30</string>
				<key>isa</key>
				<string>PBXFileReference</string>
				<key>name</key>
				<string>ofxNormals.h</string>
				<key>path</key>
				<string>../../../../../OpenFrameworks/of_v0.9.8_osx_release/addons/ofxFX/src/operations/ofxNormals.h</string>
				<key>sourceTree</key>
				<string>SOURCE_ROOT</string>
			</dict>
			<key>DCCED81DA7E988E31766C8E9</key>
			<dict>
				<key>explicitFileType</key>
				<string>sourcecode.c.h</string>
				<key>fileEncoding</key>
				<string>30</string>
				<key>isa</key>
				<string>PBXFileReference</string>
				<key>name</key>
				<string>ofxFlow.h</string>
				<key>path</key>
				<string>../../../../../OpenFrameworks/of_v0.9.8_osx_release/addons/ofxFX/src/operations/ofxFlow.h</string>
				<key>sourceTree</key>
				<string>SOURCE_ROOT</string>
			</dict>
			<key>46244E2137B0AFD1AA873F1E</key>
			<dict>
				<key>explicitFileType</key>
				<string>sourcecode.c.h</string>
				<key>fileEncoding</key>
				<string>30</string>
				<key>isa</key>
				<string>PBXFileReference</string>
				<key>name</key>
				<string>ofxEdgeDetect.h</string>
				<key>path</key>
				<string>../../../../../OpenFrameworks/of_v0.9.8_osx_release/addons/ofxFX/src/operations/ofxEdgeDetect.h</string>
				<key>sourceTree</key>
				<string>SOURCE_ROOT</string>
			</dict>
			<key>AC889E92397EEE55D824B1C0</key>
			<dict>
				<key>explicitFileType</key>
				<string>sourcecode.c.h</string>
				<key>fileEncoding</key>
				<string>30</string>
				<key>isa</key>
				<string>PBXFileReference</string>
				<key>name</key>
				<string>ofxDisplacePixels.h</string>
				<key>path</key>
				<string>../../../../../OpenFrameworks/of_v0.9.8_osx_release/addons/ofxFX/src/operations/ofxDisplacePixels.h</string>
				<key>sourceTree</key>
				<string>SOURCE_ROOT</string>
			</dict>
			<key>61DE245FCE8D79F37D857283</key>
			<dict>
				<key>explicitFileType</key>
				<string>sourcecode.c.h</string>
				<key>fileEncoding</key>
				<string>30</string>
				<key>isa</key>
				<string>PBXFileReference</string>
				<key>name</key>
				<string>ofxBounce.h</string>
				<key>path</key>
				<string>../../../../../OpenFrameworks/of_v0.9.8_osx_release/addons/ofxFX/src/operations/ofxBounce.h</string>
				<key>sourceTree</key>
				<string>SOURCE_ROOT</string>
			</dict>
			<key>44AC956B7DDEB3EA3AA33B00</key>
			<dict>
				<key>children</key>
				<array>
					<string>3A16B9E81D56D0649B57C8BB</string>
					<string>61DE245FCE8D79F37D857283</string>
					<string>AC889E92397EEE55D824B1C0</string>
					<string>46244E2137B0AFD1AA873F1E</string>
					<string>DCCED81DA7E988E31766C8E9</string>
					<string>BDA8A3A3C9392D60A91DADC7</string>
					<string>5822227B0C69BDDA91E1649B</string>
					<string>A5C928C473B015AC0351E913</string>
					<string>0B5533767A68D1B77BF27F45</string>
				</array>
				<key>isa</key>
				<string>PBXGroup</string>
				<key>name</key>
				<string>operations</string>
				<key>sourceTree</key>
				<string>&lt;group&gt;</string>
			</dict>
			<key>3A16B9E81D56D0649B57C8BB</key>
			<dict>
				<key>explicitFileType</key>
				<string>sourcecode.c.h</string>
				<key>fileEncoding</key>
				<string>30</string>
				<key>isa</key>
				<string>PBXFileReference</string>
				<key>name</key>
				<string>ofxAbsDiff.h</string>
				<key>path</key>
				<string>../../../../../OpenFrameworks/of_v0.9.8_osx_release/addons/ofxFX/src/operations/ofxAbsDiff.h</string>
				<key>sourceTree</key>
				<string>SOURCE_ROOT</string>
			</dict>
			<key>43F1F1A09AC7EDBA41FBDB45</key>
			<dict>
				<key>explicitFileType</key>
				<string>sourcecode.c.h</string>
				<key>fileEncoding</key>
				<string>30</string>
				<key>isa</key>
				<string>PBXFileReference</string>
				<key>name</key>
				<string>ofxSwapBuffer.h</string>
				<key>path</key>
				<string>../../../../../OpenFrameworks/of_v0.9.8_osx_release/addons/ofxFX/src/ofxSwapBuffer.h</string>
				<key>sourceTree</key>
				<string>SOURCE_ROOT</string>
			</dict>
			<key>F908620DCCCA072A768C0F4E</key>
			<dict>
				<key>explicitFileType</key>
				<string>sourcecode.c.h</string>
				<key>fileEncoding</key>
				<string>30</string>
				<key>isa</key>
				<string>PBXFileReference</string>
				<key>name</key>
				<string>ofxFXObject.h</string>
				<key>path</key>
				<string>../../../../../OpenFrameworks/of_v0.9.8_osx_release/addons/ofxFX/src/ofxFXObject.h</string>
				<key>sourceTree</key>
				<string>SOURCE_ROOT</string>
			</dict>
			<key>0B68D4345691B16D73DCC38E</key>
			<dict>
				<key>fileRef</key>
				<string>1BA1BC93D1F1816E12F231CD</string>
				<key>isa</key>
				<string>PBXBuildFile</string>
			</dict>
			<key>1BA1BC93D1F1816E12F231CD</key>
			<dict>
				<key>explicitFileType</key>
				<string>sourcecode.cpp.cpp</string>
				<key>fileEncoding</key>
				<string>30</string>
				<key>isa</key>
				<string>PBXFileReference</string>
				<key>name</key>
				<string>ofxFXObject.cpp</string>
				<key>path</key>
				<string>../../../../../OpenFrameworks/of_v0.9.8_osx_release/addons/ofxFX/src/ofxFXObject.cpp</string>
				<key>sourceTree</key>
				<string>SOURCE_ROOT</string>
			</dict>
			<key>56CA3C49A162BC476300CC33</key>
			<dict>
				<key>explicitFileType</key>
				<string>sourcecode.c.h</string>
				<key>fileEncoding</key>
				<string>30</string>
				<key>isa</key>
				<string>PBXFileReference</string>
				<key>name</key>
				<string>ofxFX.h</string>
				<key>path</key>
				<string>../../../../../OpenFrameworks/of_v0.9.8_osx_release/addons/ofxFX/src/ofxFX.h</string>
				<key>sourceTree</key>
				<string>SOURCE_ROOT</string>
			</dict>
			<key>40EAA293A7B999A2A3B90C94</key>
			<dict>
				<key>explicitFileType</key>
				<string>sourcecode.c.h</string>
				<key>fileEncoding</key>
				<string>30</string>
				<key>isa</key>
				<string>PBXFileReference</string>
				<key>name</key>
				<string>ofxTint.h</string>
				<key>path</key>
				<string>../../../../../OpenFrameworks/of_v0.9.8_osx_release/addons/ofxFX/src/generative/ofxTint.h</string>
				<key>sourceTree</key>
				<string>SOURCE_ROOT</string>
			</dict>
			<key>50DD446A0158F162C5536722</key>
			<dict>
				<key>explicitFileType</key>
				<string>sourcecode.c.h</string>
				<key>fileEncoding</key>
				<string>30</string>
				<key>isa</key>
				<string>PBXFileReference</string>
				<key>name</key>
				<string>ofxNoise.h</string>
				<key>path</key>
				<string>../../../../../OpenFrameworks/of_v0.9.8_osx_release/addons/ofxFX/src/generative/ofxNoise.h</string>
				<key>sourceTree</key>
				<string>SOURCE_ROOT</string>
			</dict>
			<key>F239922E99D1B9C78C0A4A74</key>
			<dict>
				<key>explicitFileType</key>
				<string>sourcecode.c.h</string>
				<key>fileEncoding</key>
				<string>30</string>
				<key>isa</key>
				<string>PBXFileReference</string>
				<key>name</key>
				<string>ofxGrayScott.h</string>
				<key>path</key>
				<string>../../../../../OpenFrameworks/of_v0.9.8_osx_release/addons/ofxFX/src/generative/ofxGrayScott.h</string>
				<key>sourceTree</key>
				<string>SOURCE_ROOT</string>
			</dict>
			<key>20BCDEE433838F50DFB44702</key>
			<dict>
				<key>explicitFileType</key>
				<string>sourcecode.c.h</string>
				<key>fileEncoding</key>
				<string>30</string>
				<key>isa</key>
				<string>PBXFileReference</string>
				<key>name</key>
				<string>ofxFire.h</string>
				<key>path</key>
				<string>../../../../../OpenFrameworks/of_v0.9.8_osx_release/addons/ofxFX/src/generative/ofxFire.h</string>
				<key>sourceTree</key>
				<string>SOURCE_ROOT</string>
			</dict>
			<key>C959CBA3130BE8E72D38F769</key>
			<dict>
				<key>children</key>
				<array>
					<string>E7C43C96DA458FD090761B0D</string>
					<string>20BCDEE433838F50DFB44702</string>
					<string>F239922E99D1B9C78C0A4A74</string>
					<string>50DD446A0158F162C5536722</string>
					<string>40EAA293A7B999A2A3B90C94</string>
				</array>
				<key>isa</key>
				<string>PBXGroup</string>
				<key>name</key>
				<string>generative</string>
				<key>sourceTree</key>
				<string>&lt;group&gt;</string>
			</dict>
			<key>E7C43C96DA458FD090761B0D</key>
			<dict>
				<key>explicitFileType</key>
				<string>sourcecode.c.h</string>
				<key>fileEncoding</key>
				<string>30</string>
				<key>isa</key>
				<string>PBXFileReference</string>
				<key>name</key>
				<string>ofxFBM.h</string>
				<key>path</key>
				<string>../../../../../OpenFrameworks/of_v0.9.8_osx_release/addons/ofxFX/src/generative/ofxFBM.h</string>
				<key>sourceTree</key>
				<string>SOURCE_ROOT</string>
			</dict>
			<key>9D47AC30B11FDA9267F0D8EE</key>
			<dict>
				<key>explicitFileType</key>
				<string>sourcecode.c.h</string>
				<key>fileEncoding</key>
				<string>30</string>
				<key>isa</key>
				<string>PBXFileReference</string>
				<key>name</key>
				<string>ofxOldTv.h</string>
				<key>path</key>
				<string>../../../../../OpenFrameworks/of_v0.9.8_osx_release/addons/ofxFX/src/filters/ofxOldTv.h</string>
				<key>sourceTree</key>
				<string>SOURCE_ROOT</string>
			</dict>
			<key>31416F2CBE4E28D3342DDFB8</key>
			<dict>
				<key>explicitFileType</key>
				<string>sourcecode.c.h</string>
				<key>fileEncoding</key>
				<string>30</string>
				<key>isa</key>
				<string>PBXFileReference</string>
				<key>name</key>
				<string>ofxMedian.h</string>
				<key>path</key>
				<string>../../../../../OpenFrameworks/of_v0.9.8_osx_release/addons/ofxFX/src/filters/ofxMedian.h</string>
				<key>sourceTree</key>
				<string>SOURCE_ROOT</string>
			</dict>
			<key>B4FC738B985ED0E2608CE021</key>
			<dict>
				<key>explicitFileType</key>
				<string>sourcecode.c.h</string>
				<key>fileEncoding</key>
				<string>30</string>
				<key>isa</key>
				<string>PBXFileReference</string>
				<key>name</key>
				<string>ofxLUT.h</string>
				<key>path</key>
				<string>../../../../../OpenFrameworks/of_v0.9.8_osx_release/addons/ofxFX/src/filters/ofxLUT.h</string>
				<key>sourceTree</key>
				<string>SOURCE_ROOT</string>
			</dict>
			<key>DF898EA2526659D76219D96D</key>
			<dict>
				<key>explicitFileType</key>
				<string>sourcecode.c.h</string>
				<key>fileEncoding</key>
				<string>30</string>
				<key>isa</key>
				<string>PBXFileReference</string>
				<key>name</key>
				<string>ofxInverse.h</string>
				<key>path</key>
				<string>../../../../../OpenFrameworks/of_v0.9.8_osx_release/addons/ofxFX/src/filters/ofxInverse.h</string>
				<key>sourceTree</key>
				<string>SOURCE_ROOT</string>
			</dict>
			<key>E6C7CE09C97666A019F9378E</key>
			<dict>
				<key>explicitFileType</key>
				<string>sourcecode.c.h</string>
				<key>fileEncoding</key>
				<string>30</string>
				<key>isa</key>
				<string>PBXFileReference</string>
				<key>name</key>
				<string>ofxGrayscale.h</string>
				<key>path</key>
				<string>../../../../../OpenFrameworks/of_v0.9.8_osx_release/addons/ofxFX/src/filters/ofxGrayscale.h</string>
				<key>sourceTree</key>
				<string>SOURCE_ROOT</string>
			</dict>
			<key>8A482A6B851350DD345E9601</key>
			<dict>
				<key>explicitFileType</key>
				<string>sourcecode.c.h</string>
				<key>fileEncoding</key>
				<string>30</string>
				<key>isa</key>
				<string>PBXFileReference</string>
				<key>name</key>
				<string>ofxGlow.h</string>
				<key>path</key>
				<string>../../../../../OpenFrameworks/of_v0.9.8_osx_release/addons/ofxFX/src/filters/ofxGlow.h</string>
				<key>sourceTree</key>
				<string>SOURCE_ROOT</string>
			</dict>
			<key>C62FAA59855FCD03AB783F4B</key>
			<dict>
				<key>explicitFileType</key>
				<string>sourcecode.c.h</string>
				<key>fileEncoding</key>
				<string>30</string>
				<key>isa</key>
				<string>PBXFileReference</string>
				<key>name</key>
				<string>ofxGaussianBlur.h</string>
				<key>path</key>
				<string>../../../../../OpenFrameworks/of_v0.9.8_osx_release/addons/ofxFX/src/filters/ofxGaussianBlur.h</string>
				<key>sourceTree</key>
				<string>SOURCE_ROOT</string>
			</dict>
			<key>4D4F78F057CC31ED3197D60B</key>
			<dict>
				<key>explicitFileType</key>
				<string>sourcecode.c.h</string>
				<key>fileEncoding</key>
				<string>30</string>
				<key>isa</key>
				<string>PBXFileReference</string>
				<key>name</key>
				<string>ofxContrast.h</string>
				<key>path</key>
				<string>../../../../../OpenFrameworks/of_v0.9.8_osx_release/addons/ofxFX/src/filters/ofxContrast.h</string>
				<key>sourceTree</key>
				<string>SOURCE_ROOT</string>
			</dict>
			<key>20C5CE1387010CA4735D3062</key>
			<dict>
				<key>explicitFileType</key>
				<string>sourcecode.c.h</string>
				<key>fileEncoding</key>
				<string>30</string>
				<key>isa</key>
				<string>PBXFileReference</string>
				<key>name</key>
				<string>ofxChromaGlitch.h</string>
				<key>path</key>
				<string>../../../../../OpenFrameworks/of_v0.9.8_osx_release/addons/ofxFX/src/filters/ofxChromaGlitch.h</string>
				<key>sourceTree</key>
				<string>SOURCE_ROOT</string>
			</dict>
			<key>A33FB8B18F4924751F91C19D</key>
			<dict>
				<key>explicitFileType</key>
				<string>sourcecode.c.h</string>
				<key>fileEncoding</key>
				<string>30</string>
				<key>isa</key>
				<string>PBXFileReference</string>
				<key>name</key>
				<string>ofxChromaAb.h</string>
				<key>path</key>
				<string>../../../../../OpenFrameworks/of_v0.9.8_osx_release/addons/ofxFX/src/filters/ofxChromaAb.h</string>
				<key>sourceTree</key>
				<string>SOURCE_ROOT</string>
			</dict>
			<key>EFB1B291A7E54A28E2441EEB</key>
			<dict>
				<key>explicitFileType</key>
				<string>sourcecode.c.h</string>
				<key>fileEncoding</key>
				<string>30</string>
				<key>isa</key>
				<string>PBXFileReference</string>
				<key>name</key>
				<string>ofxBokeh.h</string>
				<key>path</key>
				<string>../../../../../OpenFrameworks/of_v0.9.8_osx_release/addons/ofxFX/src/filters/ofxBokeh.h</string>
				<key>sourceTree</key>
				<string>SOURCE_ROOT</string>
			</dict>
			<key>3277542950F617BFCBA5CD69</key>
			<dict>
				<key>explicitFileType</key>
				<string>sourcecode.c.h</string>
				<key>fileEncoding</key>
				<string>30</string>
				<key>isa</key>
				<string>PBXFileReference</string>
				<key>name</key>
				<string>ofxBlur.h</string>
				<key>path</key>
				<string>../../../../../OpenFrameworks/of_v0.9.8_osx_release/addons/ofxFX/src/filters/ofxBlur.h</string>
				<key>sourceTree</key>
				<string>SOURCE_ROOT</string>
			</dict>
			<key>5523378086A1DB0BEE586DEE</key>
			<dict>
				<key>explicitFileType</key>
				<string>sourcecode.c.h</string>
				<key>fileEncoding</key>
				<string>30</string>
				<key>isa</key>
				<string>PBXFileReference</string>
				<key>name</key>
				<string>ofxBloom.h</string>
				<key>path</key>
				<string>../../../../../OpenFrameworks/of_v0.9.8_osx_release/addons/ofxFX/src/filters/ofxBloom.h</string>
				<key>sourceTree</key>
				<string>SOURCE_ROOT</string>
			</dict>
			<key>389FE9FFF8F20EA90A671145</key>
			<dict>
				<key>children</key>
				<array>
					<string>B88FA681D44D7F48954FAE7D</string>
					<string>5523378086A1DB0BEE586DEE</string>
					<string>3277542950F617BFCBA5CD69</string>
					<string>EFB1B291A7E54A28E2441EEB</string>
					<string>A33FB8B18F4924751F91C19D</string>
					<string>20C5CE1387010CA4735D3062</string>
					<string>4D4F78F057CC31ED3197D60B</string>
					<string>C62FAA59855FCD03AB783F4B</string>
					<string>8A482A6B851350DD345E9601</string>
					<string>E6C7CE09C97666A019F9378E</string>
					<string>DF898EA2526659D76219D96D</string>
					<string>B4FC738B985ED0E2608CE021</string>
					<string>31416F2CBE4E28D3342DDFB8</string>
					<string>9D47AC30B11FDA9267F0D8EE</string>
				</array>
				<key>isa</key>
				<string>PBXGroup</string>
				<key>name</key>
				<string>filters</string>
				<key>sourceTree</key>
				<string>&lt;group&gt;</string>
			</dict>
			<key>B88FA681D44D7F48954FAE7D</key>
			<dict>
				<key>explicitFileType</key>
				<string>sourcecode.c.h</string>
				<key>fileEncoding</key>
				<string>30</string>
				<key>isa</key>
				<string>PBXFileReference</string>
				<key>name</key>
				<string>ofxBarrelChromaAb.h</string>
				<key>path</key>
				<string>../../../../../OpenFrameworks/of_v0.9.8_osx_release/addons/ofxFX/src/filters/ofxBarrelChromaAb.h</string>
				<key>sourceTree</key>
				<string>SOURCE_ROOT</string>
			</dict>
			<key>FE636EFF042E61A20420BDE8</key>
			<dict>
				<key>explicitFileType</key>
				<string>sourcecode.c.h</string>
				<key>fileEncoding</key>
				<string>30</string>
				<key>isa</key>
				<string>PBXFileReference</string>
				<key>name</key>
				<string>ofxMultiTexture.h</string>
				<key>path</key>
				<string>../../../../../OpenFrameworks/of_v0.9.8_osx_release/addons/ofxFX/src/composers/ofxMultiTexture.h</string>
				<key>sourceTree</key>
				<string>SOURCE_ROOT</string>
			</dict>
			<key>D0EF66BC2F7B4E3CBD90E440</key>
			<dict>
				<key>explicitFileType</key>
				<string>sourcecode.c.h</string>
				<key>fileEncoding</key>
				<string>30</string>
				<key>isa</key>
				<string>PBXFileReference</string>
				<key>name</key>
				<string>ofxMask.h</string>
				<key>path</key>
				<string>../../../../../OpenFrameworks/of_v0.9.8_osx_release/addons/ofxFX/src/composers/ofxMask.h</string>
				<key>sourceTree</key>
				<string>SOURCE_ROOT</string>
			</dict>
			<key>D049C484FF360915CFF9097D</key>
			<dict>
				<key>explicitFileType</key>
				<string>sourcecode.c.h</string>
				<key>fileEncoding</key>
				<string>30</string>
				<key>isa</key>
				<string>PBXFileReference</string>
				<key>name</key>
				<string>ofxClone.h</string>
				<key>path</key>
				<string>../../../../../OpenFrameworks/of_v0.9.8_osx_release/addons/ofxFX/src/composers/ofxClone.h</string>
				<key>sourceTree</key>
				<string>SOURCE_ROOT</string>
			</dict>
			<key>E7FE87AA9AE5CA7BE8DFA759</key>
			<dict>
				<key>children</key>
				<array>
					<string>582B24F9BCB732A74E9CA412</string>
					<string>D049C484FF360915CFF9097D</string>
					<string>D0EF66BC2F7B4E3CBD90E440</string>
					<string>FE636EFF042E61A20420BDE8</string>
				</array>
				<key>isa</key>
				<string>PBXGroup</string>
				<key>name</key>
				<string>composers</string>
				<key>sourceTree</key>
				<string>&lt;group&gt;</string>
			</dict>
			<key>37EEAF5BE699F2C7DD676270</key>
			<dict>
				<key>children</key>
				<array>
					<string>E7FE87AA9AE5CA7BE8DFA759</string>
					<string>389FE9FFF8F20EA90A671145</string>
					<string>C959CBA3130BE8E72D38F769</string>
					<string>56CA3C49A162BC476300CC33</string>
					<string>1BA1BC93D1F1816E12F231CD</string>
					<string>F908620DCCCA072A768C0F4E</string>
					<string>43F1F1A09AC7EDBA41FBDB45</string>
					<string>44AC956B7DDEB3EA3AA33B00</string>
				</array>
				<key>isa</key>
				<string>PBXGroup</string>
				<key>name</key>
				<string>src</string>
				<key>sourceTree</key>
				<string>&lt;group&gt;</string>
			</dict>
			<key>CABF1A23B637491112B10A00</key>
			<dict>
				<key>children</key>
				<array>
					<string>37EEAF5BE699F2C7DD676270</string>
				</array>
				<key>isa</key>
				<string>PBXGroup</string>
				<key>name</key>
				<string>ofxFX</string>
				<key>sourceTree</key>
				<string>&lt;group&gt;</string>
			</dict>
			<key>582B24F9BCB732A74E9CA412</key>
			<dict>
				<key>explicitFileType</key>
				<string>sourcecode.c.h</string>
				<key>fileEncoding</key>
				<string>30</string>
				<key>isa</key>
				<string>PBXFileReference</string>
				<key>name</key>
				<string>ofxBlend.h</string>
				<key>path</key>
				<string>../../../../../OpenFrameworks/of_v0.9.8_osx_release/addons/ofxFX/src/composers/ofxBlend.h</string>
				<key>sourceTree</key>
				<string>SOURCE_ROOT</string>
			</dict>
			<key>6948EE371B920CB800B5AC1A</key>
			<dict>
				<key>children</key>
				<array />
				<key>isa</key>
				<string>PBXGroup</string>
				<key>name</key>
				<string>local_addons</string>
				<key>sourceTree</key>
				<string>&lt;group&gt;</string>
			</dict>
			<key>BB4B014C10F69532006C3DED</key>
			<dict>
				<key>children</key>
				<array>
					<string>CABF1A23B637491112B10A00</string>
					<string>AC589A74CE1B327ED3EED72A</string>
					<string>E6053AB7FEC63D5F83825B88</string>
					<string>7F3C04577424427D348B1425</string>
				</array>
				<key>isa</key>
				<string>PBXGroup</string>
				<key>name</key>
				<string>addons</string>
				<key>sourceTree</key>
				<string>&lt;group&gt;</string>
			</dict>
			<key>E4328143138ABC890047C5CB</key>
			<dict>
				<key>isa</key>
				<string>PBXFileReference</string>
				<key>lastKnownFileType</key>
				<string>wrapper.pb-project</string>
				<key>name</key>
				<string>openFrameworksLib.xcodeproj</string>
				<key>path</key>
				<string>../../../../../OpenFrameworks/of_v0.9.8_osx_release/libs/openFrameworksCompiled/project/osx/openFrameworksLib.xcodeproj</string>
				<key>sourceTree</key>
				<string>SOURCE_ROOT</string>
			</dict>
			<key>E4328144138ABC890047C5CB</key>
			<dict>
				<key>children</key>
				<array>
					<string>E4328148138ABC890047C5CB</string>
				</array>
				<key>isa</key>
				<string>PBXGroup</string>
				<key>name</key>
				<string>Products</string>
				<key>sourceTree</key>
				<string>&lt;group&gt;</string>
			</dict>
			<key>E4328147138ABC890047C5CB</key>
			<dict>
				<key>containerPortal</key>
				<string>E4328143138ABC890047C5CB</string>
				<key>isa</key>
				<string>PBXContainerItemProxy</string>
				<key>proxyType</key>
				<string>2</string>
				<key>remoteGlobalIDString</key>
				<string>E4B27C1510CBEB8E00536013</string>
				<key>remoteInfo</key>
				<string>openFrameworks</string>
			</dict>
			<key>E4328148138ABC890047C5CB</key>
			<dict>
				<key>fileType</key>
				<string>archive.ar</string>
				<key>isa</key>
				<string>PBXReferenceProxy</string>
				<key>path</key>
				<string>openFrameworksDebug.a</string>
				<key>remoteRef</key>
				<string>E4328147138ABC890047C5CB</string>
				<key>sourceTree</key>
				<string>BUILT_PRODUCTS_DIR</string>
			</dict>
			<key>E4328149138ABC9F0047C5CB</key>
			<dict>
				<key>fileRef</key>
				<string>E4328148138ABC890047C5CB</string>
				<key>isa</key>
				<string>PBXBuildFile</string>
			</dict>
			<key>E4B69B4A0A3A1720003C02F2</key>
			<dict>
				<key>children</key>
				<array>
					<string>E4B6FCAD0C3E899E008CF71C</string>
					<string>E4EB6923138AFD0F00A09F29</string>
					<string>E4B69E1C0A3A1BDC003C02F2</string>
					<string>E4EEC9E9138DF44700A80321</string>
					<string>BB4B014C10F69532006C3DED</string>
					<string>6948EE371B920CB800B5AC1A</string>
					<string>E4B69B5B0A3A1756003C02F2</string>
				</array>
				<key>isa</key>
				<string>PBXGroup</string>
				<key>sourceTree</key>
				<string>&lt;group&gt;</string>
			</dict>
			<key>E4B69B4C0A3A1720003C02F2</key>
			<dict>
				<key>attributes</key>
				<dict>
					<key>LastUpgradeCheck</key>
					<string>0600</string>
				</dict>
				<key>buildConfigurationList</key>
				<string>E4B69B4D0A3A1720003C02F2</string>
				<key>compatibilityVersion</key>
				<string>Xcode 3.2</string>
				<key>developmentRegion</key>
				<string>English</string>
				<key>hasScannedForEncodings</key>
				<string>0</string>
				<key>isa</key>
				<string>PBXProject</string>
				<key>knownRegions</key>
				<array>
					<string>English</string>
					<string>Japanese</string>
					<string>French</string>
					<string>German</string>
				</array>
				<key>mainGroup</key>
				<string>E4B69B4A0A3A1720003C02F2</string>
				<key>productRefGroup</key>
				<string>E4B69B4A0A3A1720003C02F2</string>
				<key>projectDirPath</key>
				<string />
				<key>projectReferences</key>
				<array>
					<dict>
						<key>ProductGroup</key>
						<string>E4328144138ABC890047C5CB</string>
						<key>ProjectRef</key>
						<string>E4328143138ABC890047C5CB</string>
					</dict>
				</array>
				<key>projectRoot</key>
				<string />
				<key>targets</key>
				<array>
					<string>E4B69B5A0A3A1756003C02F2</string>
				</array>
			</dict>
			<key>E4B69B4D0A3A1720003C02F2</key>
			<dict>
				<key>buildConfigurations</key>
				<array>
					<string>E4B69B4E0A3A1720003C02F2</string>
					<string>E4B69B4F0A3A1720003C02F2</string>
				</array>
				<key>defaultConfigurationIsVisible</key>
				<string>0</string>
				<key>defaultConfigurationName</key>
				<string>Release</string>
				<key>isa</key>
				<string>XCConfigurationList</string>
			</dict>
			<key>E4B69B4E0A3A1720003C02F2</key>
			<dict>
				<key>baseConfigurationReference</key>
				<string>E4EB6923138AFD0F00A09F29</string>
				<key>buildSettings</key>
				<dict>
					<key>HEADER_SEARCH_PATHS</key>
					<array>
						<string>$(OF_CORE_HEADERS)</string>
						<string>../../../../../OpenFrameworks/of_v0.9.8_osx_release/addons/ofxFX/src</string>
						<string>../../../../../OpenFrameworks/of_v0.9.8_osx_release/addons/ofxFX/src/composers</string>
						<string>../../../../../OpenFrameworks/of_v0.9.8_osx_release/addons/ofxFX/src/filters</string>
						<string>../../../../../OpenFrameworks/of_v0.9.8_osx_release/addons/ofxFX/src/generative</string>
						<string>../../../../../OpenFrameworks/of_v0.9.8_osx_release/addons/ofxFX/src/operations</string>
						<string>../../../../../OpenFrameworks/of_v0.9.8_osx_release/addons/ofxFluid/src</string>
						<string>../../../../../OpenFrameworks/of_v0.9.8_osx_release/addons/ofxOsc/libs</string>
						<string>../../../../../OpenFrameworks/of_v0.9.8_osx_release/addons/ofxOsc/libs/oscpack</string>
						<string>../../../../../OpenFrameworks/of_v0.9.8_osx_release/addons/ofxOsc/libs/oscpack/src</string>
						<string>../../../../../OpenFrameworks/of_v0.9.8_osx_release/addons/ofxOsc/libs/oscpack/src/ip</string>
						<string>../../../../../OpenFrameworks/of_v0.9.8_osx_release/addons/ofxOsc/libs/oscpack/src/ip/posix</string>
						<string>../../../../../OpenFrameworks/of_v0.9.8_osx_release/addons/ofxOsc/libs/oscpack/src/ip/win32</string>
						<string>../../../../../OpenFrameworks/of_v0.9.8_osx_release/addons/ofxOsc/libs/oscpack/src/osc</string>
						<string>../../../../../OpenFrameworks/of_v0.9.8_osx_release/addons/ofxOsc/src</string>
						<string>../../../../../OpenFrameworks/of_v0.9.8_osx_release/addons/ofxSyphon/libs</string>
						<string>../../../../../OpenFrameworks/of_v0.9.8_osx_release/addons/ofxSyphon/libs/Syphon</string>
						<string>../../../../../OpenFrameworks/of_v0.9.8_osx_release/addons/ofxSyphon/libs/Syphon/lib</string>
						<string>../../../../../OpenFrameworks/of_v0.9.8_osx_release/addons/ofxSyphon/libs/Syphon/lib/osx</string>
						<string>../../../../../OpenFrameworks/of_v0.9.8_osx_release/addons/ofxSyphon/libs/Syphon/src</string>
						<string>../../../../../OpenFrameworks/of_v0.9.8_osx_release/addons/ofxSyphon/src</string>
					</array>
					<key>CONFIGURATION_BUILD_DIR</key>
					<string>$(SRCROOT)/bin/</string>
					<key>COPY_PHASE_STRIP</key>
					<string>NO</string>
					<key>DEAD_CODE_STRIPPING</key>
					<string>YES</string>
					<key>GCC_AUTO_VECTORIZATION</key>
					<string>YES</string>
					<key>GCC_ENABLE_SSE3_EXTENSIONS</key>
					<string>YES</string>
					<key>GCC_ENABLE_SUPPLEMENTAL_SSE3_INSTRUCTIONS</key>
					<string>YES</string>
					<key>GCC_INLINES_ARE_PRIVATE_EXTERN</key>
					<string>NO</string>
					<key>GCC_OPTIMIZATION_LEVEL</key>
					<string>0</string>
					<key>GCC_SYMBOLS_PRIVATE_EXTERN</key>
					<string>NO</string>
					<key>GCC_WARN_ABOUT_DEPRECATED_FUNCTIONS</key>
					<string>YES</string>
					<key>GCC_WARN_ABOUT_INVALID_OFFSETOF_MACRO</key>
					<string>NO</string>
					<key>GCC_WARN_ALLOW_INCOMPLETE_PROTOCOL</key>
					<string>NO</string>
					<key>GCC_WARN_UNINITIALIZED_AUTOS</key>
					<string>NO</string>
					<key>GCC_WARN_UNUSED_VALUE</key>
					<string>NO</string>
					<key>GCC_WARN_UNUSED_VARIABLE</key>
					<string>NO</string>
					<key>MACOSX_DEPLOYMENT_TARGET</key>
					<string>10.8</string>
					<key>ONLY_ACTIVE_ARCH</key>
					<string>YES</string>
					<key>OTHER_CPLUSPLUSFLAGS</key>
					<array>
						<string>-D__MACOSX_CORE__</string>
						<string>-mtune=native</string>
					</array>
					<key>SDKROOT</key>
					<string>macosx</string>
				</dict>
				<key>isa</key>
				<string>XCBuildConfiguration</string>
				<key>name</key>
				<string>Debug</string>
			</dict>
			<key>E4B69B4F0A3A1720003C02F2</key>
			<dict>
				<key>baseConfigurationReference</key>
				<string>E4EB6923138AFD0F00A09F29</string>
				<key>buildSettings</key>
				<dict>
					<key>HEADER_SEARCH_PATHS</key>
					<array>
						<string>$(OF_CORE_HEADERS)</string>
						<string>../../../../../OpenFrameworks/of_v0.9.8_osx_release/addons/ofxFX/src</string>
						<string>../../../../../OpenFrameworks/of_v0.9.8_osx_release/addons/ofxFX/src/composers</string>
						<string>../../../../../OpenFrameworks/of_v0.9.8_osx_release/addons/ofxFX/src/filters</string>
						<string>../../../../../OpenFrameworks/of_v0.9.8_osx_release/addons/ofxFX/src/generative</string>
						<string>../../../../../OpenFrameworks/of_v0.9.8_osx_release/addons/ofxFX/src/operations</string>
						<string>../../../../../OpenFrameworks/of_v0.9.8_osx_release/addons/ofxFluid/src</string>
						<string>../../../../../OpenFrameworks/of_v0.9.8_osx_release/addons/ofxOsc/libs</string>
						<string>../../../../../OpenFrameworks/of_v0.9.8_osx_release/addons/ofxOsc/libs/oscpack</string>
						<string>../../../../../OpenFrameworks/of_v0.9.8_osx_release/addons/ofxOsc/libs/oscpack/src</string>
						<string>../../../../../OpenFrameworks/of_v0.9.8_osx_release/addons/ofxOsc/libs/oscpack/src/ip</string>
						<string>../../../../../OpenFrameworks/of_v0.9.8_osx_release/addons/ofxOsc/libs/oscpack/src/ip/posix</string>
						<string>../../../../../OpenFrameworks/of_v0.9.8_osx_release/addons/ofxOsc/libs/oscpack/src/ip/win32</string>
						<string>../../../../../OpenFrameworks/of_v0.9.8_osx_release/addons/ofxOsc/libs/oscpack/src/osc</string>
						<string>../../../../../OpenFrameworks/of_v0.9.8_osx_release/addons/ofxOsc/src</string>
						<string>../../../../../OpenFrameworks/of_v0.9.8_osx_release/addons/ofxSyphon/libs</string>
						<string>../../../../../OpenFrameworks/of_v0.9.8_osx_release/addons/ofxSyphon/libs/Syphon</string>
						<string>../../../../../OpenFrameworks/of_v0.9.8_osx_release/addons/ofxSyphon/libs/Syphon/lib</string>
						<string>../../../../../OpenFrameworks/of_v0.9.8_osx_release/addons/ofxSyphon/libs/Syphon/lib/osx</string>
						<string>../../../../../OpenFrameworks/of_v0.9.8_osx_release/addons/ofxSyphon/libs/Syphon/src</string>
						<string>../../../../../OpenFrameworks/of_v0.9.8_osx_release/addons/ofxSyphon/src</string>
					</array>
					<key>CONFIGURATION_BUILD_DIR</key>
					<string>$(SRCROOT)/bin/</string>
					<key>COPY_PHASE_STRIP</key>
					<string>YES</string>
					<key>DEAD_CODE_STRIPPING</key>
					<string>YES</string>
					<key>GCC_AUTO_VECTORIZATION</key>
					<string>YES</string>
					<key>GCC_ENABLE_SSE3_EXTENSIONS</key>
					<string>YES</string>
					<key>GCC_ENABLE_SUPPLEMENTAL_SSE3_INSTRUCTIONS</key>
					<string>YES</string>
					<key>GCC_INLINES_ARE_PRIVATE_EXTERN</key>
					<string>NO</string>
					<key>GCC_OPTIMIZATION_LEVEL</key>
					<string>3</string>
					<key>GCC_SYMBOLS_PRIVATE_EXTERN</key>
					<string>NO</string>
					<key>GCC_UNROLL_LOOPS</key>
					<string>YES</string>
					<key>GCC_WARN_ABOUT_DEPRECATED_FUNCTIONS</key>
					<string>YES</string>
					<key>GCC_WARN_ABOUT_INVALID_OFFSETOF_MACRO</key>
					<string>NO</string>
					<key>GCC_WARN_ALLOW_INCOMPLETE_PROTOCOL</key>
					<string>NO</string>
					<key>GCC_WARN_UNINITIALIZED_AUTOS</key>
					<string>NO</string>
					<key>GCC_WARN_UNUSED_VALUE</key>
					<string>NO</string>
					<key>GCC_WARN_UNUSED_VARIABLE</key>
					<string>NO</string>
					<key>MACOSX_DEPLOYMENT_TARGET</key>
					<string>10.8</string>
					<key>OTHER_CPLUSPLUSFLAGS</key>
					<array>
						<string>-D__MACOSX_CORE__</string>
						<string>-mtune=native</string>
					</array>
					<key>SDKROOT</key>
					<string>macosx</string>
				</dict>
				<key>isa</key>
				<string>XCBuildConfiguration</string>
				<key>name</key>
				<string>Release</string>
			</dict>
			<key>E4B69B580A3A1756003C02F2</key>
			<dict>
				<key>buildActionMask</key>
				<string>2147483647</string>
				<key>files</key>
				<array>
					<string>E4B69E200A3A1BDC003C02F2</string>
					<string>E4B69E210A3A1BDC003C02F2</string>
					<string>0B68D4345691B16D73DCC38E</string>
					<string>A410AA878A34F46EB4824647</string>
					<string>8B1CAB5181D3EDF9FFC6F1EC</string>
					<string>CF86413294CD127170832B00</string>
					<string>A08958D0339A59E5749D6F08</string>
					<string>8F76AE8B08981AD66910332F</string>
					<string>8664A78059C1C5182FBB8207</string>
					<string>6AED5071C39FB26481D10144</string>
					<string>2319FCC714C4C100DA8604C1</string>
					<string>FBF25251A193F2D8156A75FE</string>
					<string>6B8B9E54F356746B8C7FA0FE</string>
					<string>55FE8E44EB3DD9A7305A8DAA</string>
					<string>8145A752A6561F68667067D1</string>
					<string>E3D0A003C392FE5CBC10A3A1</string>
					<string>782B476417D2B34AA8377459</string>
					<string>8493C5A88CA7FABA38FD0C02</string>
					<string>8EC95A402AB8168AAD35E770</string>
					<string>BFC5142103A2E90D8F0F1D07</string>
				</array>
				<key>isa</key>
				<string>PBXSourcesBuildPhase</string>
				<key>runOnlyForDeploymentPostprocessing</key>
				<string>0</string>
			</dict>
			<key>E4B69B590A3A1756003C02F2</key>
			<dict>
				<key>buildActionMask</key>
				<string>2147483647</string>
				<key>files</key>
				<array>
					<string>E4328149138ABC9F0047C5CB</string>
					<string>E1A3FD40C8BCD507345F1126</string>
				</array>
				<key>isa</key>
				<string>PBXFrameworksBuildPhase</string>
				<key>runOnlyForDeploymentPostprocessing</key>
				<string>0</string>
			</dict>
			<key>E4B69B5A0A3A1756003C02F2</key>
			<dict>
				<key>buildConfigurationList</key>
				<string>E4B69B5F0A3A1757003C02F2</string>
				<key>buildPhases</key>
				<array>
					<string>E4B69B580A3A1756003C02F2</string>
					<string>E4B69B590A3A1756003C02F2</string>
					<string>E4B6FFFD0C3F9AB9008CF71C</string>
					<string>E4C2427710CC5ABF004149E2</string>
				</array>
				<key>buildRules</key>
				<array />
				<key>dependencies</key>
				<array>
					<string>E4EEB9AC138B136A00A80321</string>
				</array>
				<key>isa</key>
				<string>PBXNativeTarget</string>
				<key>name</key>
				<string>GPUFluids</string>
				<key>productName</key>
				<string>myOFApp</string>
				<key>productReference</key>
				<string>E4B69B5B0A3A1756003C02F2</string>
				<key>productType</key>
				<string>com.apple.product-type.application</string>
			</dict>
			<key>E4B69B5B0A3A1756003C02F2</key>
			<dict>
				<key>explicitFileType</key>
				<string>wrapper.application</string>
				<key>includeInIndex</key>
				<string>0</string>
				<key>isa</key>
				<string>PBXFileReference</string>
				<key>path</key>
				<string>GPUFluidsDebug.app</string>
				<key>sourceTree</key>
				<string>BUILT_PRODUCTS_DIR</string>
			</dict>
			<key>E4B69B5F0A3A1757003C02F2</key>
			<dict>
				<key>buildConfigurations</key>
				<array>
					<string>E4B69B600A3A1757003C02F2</string>
					<string>E4B69B610A3A1757003C02F2</string>
				</array>
				<key>defaultConfigurationIsVisible</key>
				<string>0</string>
				<key>defaultConfigurationName</key>
				<string>Release</string>
				<key>isa</key>
				<string>XCConfigurationList</string>
			</dict>
			<key>E4B69B600A3A1757003C02F2</key>
			<dict>
				<key>baseConfigurationReference</key>
				<string>E4EB6923138AFD0F00A09F29</string>
				<key>buildSettings</key>
				<dict>
					<key>HEADER_SEARCH_PATHS</key>
					<array>
						<string>$(OF_CORE_HEADERS)</string>
						<string>../../../../../OpenFrameworks/of_v0.9.8_osx_release/addons/ofxFX/src</string>
						<string>../../../../../OpenFrameworks/of_v0.9.8_osx_release/addons/ofxFX/src/composers</string>
						<string>../../../../../OpenFrameworks/of_v0.9.8_osx_release/addons/ofxFX/src/filters</string>
						<string>../../../../../OpenFrameworks/of_v0.9.8_osx_release/addons/ofxFX/src/generative</string>
						<string>../../../../../OpenFrameworks/of_v0.9.8_osx_release/addons/ofxFX/src/operations</string>
						<string>../../../../../OpenFrameworks/of_v0.9.8_osx_release/addons/ofxFluid/src</string>
						<string>../../../../../OpenFrameworks/of_v0.9.8_osx_release/addons/ofxOsc/libs</string>
						<string>../../../../../OpenFrameworks/of_v0.9.8_osx_release/addons/ofxOsc/libs/oscpack</string>
						<string>../../../../../OpenFrameworks/of_v0.9.8_osx_release/addons/ofxOsc/libs/oscpack/src</string>
						<string>../../../../../OpenFrameworks/of_v0.9.8_osx_release/addons/ofxOsc/libs/oscpack/src/ip</string>
						<string>../../../../../OpenFrameworks/of_v0.9.8_osx_release/addons/ofxOsc/libs/oscpack/src/ip/posix</string>
						<string>../../../../../OpenFrameworks/of_v0.9.8_osx_release/addons/ofxOsc/libs/oscpack/src/ip/win32</string>
						<string>../../../../../OpenFrameworks/of_v0.9.8_osx_release/addons/ofxOsc/libs/oscpack/src/osc</string>
						<string>../../../../../OpenFrameworks/of_v0.9.8_osx_release/addons/ofxOsc/src</string>
						<string>../../../../../OpenFrameworks/of_v0.9.8_osx_release/addons/ofxSyphon/libs</string>
						<string>../../../../../OpenFrameworks/of_v0.9.8_osx_release/addons/ofxSyphon/libs/Syphon</string>
						<string>../../../../../OpenFrameworks/of_v0.9.8_osx_release/addons/ofxSyphon/libs/Syphon/lib</string>
						<string>../../../../../OpenFrameworks/of_v0.9.8_osx_release/addons/ofxSyphon/libs/Syphon/lib/osx</string>
						<string>../../../../../OpenFrameworks/of_v0.9.8_osx_release/addons/ofxSyphon/libs/Syphon/src</string>
						<string>../../../../../OpenFrameworks/of_v0.9.8_osx_release/addons/ofxSyphon/src</string>
					</array>
					<key>COMBINE_HIDPI_IMAGES</key>
					<string>YES</string>
					<key>COPY_PHASE_STRIP</key>
					<string>NO</string>
					<key>FRAMEWORK_SEARCH_PATHS</key>
					<array>
						<string>$(inherited)</string>
						<string>$(FRAMEWORK_SEARCH_PATHS_QUOTED_FOR_TARGET_1)</string>
						<string>../../../../../OpenFrameworks/of_v0.9.8_osx_release/addons/ofxSyphon/libs/Syphon/lib/osx</string>
					</array>
					<key>FRAMEWORK_SEARCH_PATHS_QUOTED_FOR_TARGET_1</key>
					<string>"$(SRCROOT)/../../../../../OpenFrameworks/of_v0.9.8_osx_release/libs/glut/lib/osx"</string>
					<key>GCC_DYNAMIC_NO_PIC</key>
					<string>NO</string>
					<key>GCC_GENERATE_DEBUGGING_SYMBOLS</key>
					<string>YES</string>
					<key>GCC_MODEL_TUNING</key>
					<string>NONE</string>
					<key>ICON</key>
					<string>$(ICON_NAME_DEBUG)</string>
					<key>ICON_FILE</key>
					<string>$(ICON_FILE_PATH)$(ICON)</string>
					<key>INFOPLIST_FILE</key>
					<string>openFrameworks-Info.plist</string>
					<key>INSTALL_PATH</key>
					<string>/Applications</string>
					<key>LIBRARY_SEARCH_PATHS</key>
					<string>$(inherited)</string>
					<key>PRODUCT_NAME</key>
					<string>$(TARGET_NAME)Debug</string>
					<key>WRAPPER_EXTENSION</key>
					<string>app</string>
				</dict>
				<key>isa</key>
				<string>XCBuildConfiguration</string>
				<key>name</key>
				<string>Debug</string>
			</dict>
			<key>E4B69B610A3A1757003C02F2</key>
			<dict>
				<key>baseConfigurationReference</key>
				<string>E4EB6923138AFD0F00A09F29</string>
				<key>buildSettings</key>
				<dict>
					<key>HEADER_SEARCH_PATHS</key>
					<array>
						<string>$(OF_CORE_HEADERS)</string>
						<string>../../../../../OpenFrameworks/of_v0.9.8_osx_release/addons/ofxFX/src</string>
						<string>../../../../../OpenFrameworks/of_v0.9.8_osx_release/addons/ofxFX/src/composers</string>
						<string>../../../../../OpenFrameworks/of_v0.9.8_osx_release/addons/ofxFX/src/filters</string>
						<string>../../../../../OpenFrameworks/of_v0.9.8_osx_release/addons/ofxFX/src/generative</string>
						<string>../../../../../OpenFrameworks/of_v0.9.8_osx_release/addons/ofxFX/src/operations</string>
						<string>../../../../../OpenFrameworks/of_v0.9.8_osx_release/addons/ofxFluid/src</string>
						<string>../../../../../OpenFrameworks/of_v0.9.8_osx_release/addons/ofxOsc/libs</string>
						<string>../../../../../OpenFrameworks/of_v0.9.8_osx_release/addons/ofxOsc/libs/oscpack</string>
						<string>../../../../../OpenFrameworks/of_v0.9.8_osx_release/addons/ofxOsc/libs/oscpack/src</string>
						<string>../../../../../OpenFrameworks/of_v0.9.8_osx_release/addons/ofxOsc/libs/oscpack/src/ip</string>
						<string>../../../../../OpenFrameworks/of_v0.9.8_osx_release/addons/ofxOsc/libs/oscpack/src/ip/posix</string>
						<string>../../../../../OpenFrameworks/of_v0.9.8_osx_release/addons/ofxOsc/libs/oscpack/src/ip/win32</string>
						<string>../../../../../OpenFrameworks/of_v0.9.8_osx_release/addons/ofxOsc/libs/oscpack/src/osc</string>
						<string>../../../../../OpenFrameworks/of_v0.9.8_osx_release/addons/ofxOsc/src</string>
						<string>../../../../../OpenFrameworks/of_v0.9.8_osx_release/addons/ofxSyphon/libs</string>
						<string>../../../../../OpenFrameworks/of_v0.9.8_osx_release/addons/ofxSyphon/libs/Syphon</string>
						<string>../../../../../OpenFrameworks/of_v0.9.8_osx_release/addons/ofxSyphon/libs/Syphon/lib</string>
						<string>../../../../../OpenFrameworks/of_v0.9.8_osx_release/addons/ofxSyphon/libs/Syphon/lib/osx</string>
						<string>../../../../../OpenFrameworks/of_v0.9.8_osx_release/addons/ofxSyphon/libs/Syphon/src</string>
						<string>../../../../../OpenFrameworks/of_v0.9.8_osx_release/addons/ofxSyphon/src</string>
					</array>
					<key>COMBINE_HIDPI_IMAGES</key>
					<string>YES</string>
					<key>COPY_PHASE_STRIP</key>
					<string>YES</string>
					<key>FRAMEWORK_SEARCH_PATHS</key>
					<array>
						<string>$(inherited)</string>
						<string>$(FRAMEWORK_SEARCH_PATHS_QUOTED_FOR_TARGET_1)</string>
						<string>../../../../../OpenFrameworks/of_v0.9.8_osx_release/addons/ofxSyphon/libs/Syphon/lib/osx</string>
					</array>
					<key>FRAMEWORK_SEARCH_PATHS_QUOTED_FOR_TARGET_1</key>
					<string>"$(SRCROOT)/../../../../../OpenFrameworks/of_v0.9.8_osx_release/libs/glut/lib/osx"</string>
					<key>GCC_GENERATE_DEBUGGING_SYMBOLS</key>
					<string>YES</string>
					<key>GCC_MODEL_TUNING</key>
					<string>NONE</string>
					<key>ICON</key>
					<string>$(ICON_NAME_RELEASE)</string>
					<key>ICON_FILE</key>
					<string>$(ICON_FILE_PATH)$(ICON)</string>
					<key>INFOPLIST_FILE</key>
					<string>openFrameworks-Info.plist</string>
					<key>INSTALL_PATH</key>
					<string>/Applications</string>
					<key>LIBRARY_SEARCH_PATHS</key>
					<string>$(inherited)</string>
					<key>PRODUCT_NAME</key>
					<string>$(TARGET_NAME)</string>
					<key>WRAPPER_EXTENSION</key>
					<string>app</string>
					<key>baseConfigurationReference</key>
					<string>E4EB6923138AFD0F00A09F29</string>
				</dict>
				<key>isa</key>
				<string>XCBuildConfiguration</string>
				<key>name</key>
				<string>Release</string>
			</dict>
			<key>E4B69E1C0A3A1BDC003C02F2</key>
			<dict>
				<key>children</key>
				<array>
					<string>E4B69E1D0A3A1BDC003C02F2</string>
					<string>E4B69E1E0A3A1BDC003C02F2</string>
					<string>E4B69E1F0A3A1BDC003C02F2</string>
				</array>
				<key>isa</key>
				<string>PBXGroup</string>
				<key>path</key>
				<string>src</string>
				<key>sourceTree</key>
				<string>SOURCE_ROOT</string>
			</dict>
			<key>E4B69E1D0A3A1BDC003C02F2</key>
			<dict>
				<key>fileEncoding</key>
				<string>30</string>
				<key>isa</key>
				<string>PBXFileReference</string>
				<key>lastKnownFileType</key>
				<string>sourcecode.cpp.cpp</string>
				<key>name</key>
				<string>main.cpp</string>
				<key>path</key>
				<string>src/main.cpp</string>
				<key>sourceTree</key>
				<string>SOURCE_ROOT</string>
			</dict>
			<key>E4B69E1E0A3A1BDC003C02F2</key>
			<dict>
				<key>explicitFileType</key>
				<string>sourcecode.cpp.cpp</string>
				<key>fileEncoding</key>
				<string>30</string>
				<key>isa</key>
				<string>PBXFileReference</string>
				<key>name</key>
				<string>ofApp.cpp</string>
				<key>path</key>
				<string>src/ofApp.cpp</string>
				<key>sourceTree</key>
				<string>SOURCE_ROOT</string>
			</dict>
			<key>E4B69E1F0A3A1BDC003C02F2</key>
			<dict>
				<key>fileEncoding</key>
				<string>30</string>
				<key>isa</key>
				<string>PBXFileReference</string>
				<key>lastKnownFileType</key>
				<string>sourcecode.c.h</string>
				<key>name</key>
				<string>ofApp.h</string>
				<key>path</key>
				<string>src/ofApp.h</string>
				<key>sourceTree</key>
				<string>SOURCE_ROOT</string>
			</dict>
			<key>E4B69E200A3A1BDC003C02F2</key>
			<dict>
				<key>fileRef</key>
				<string>E4B69E1D0A3A1BDC003C02F2</string>
				<key>isa</key>
				<string>PBXBuildFile</string>
			</dict>
			<key>E4B69E210A3A1BDC003C02F2</key>
			<dict>
				<key>fileRef</key>
				<string>E4B69E1E0A3A1BDC003C02F2</string>
				<key>isa</key>
				<string>PBXBuildFile</string>
			</dict>
			<key>E4B6FCAD0C3E899E008CF71C</key>
			<dict>
				<key>fileEncoding</key>
				<string>30</string>
				<key>isa</key>
				<string>PBXFileReference</string>
				<key>lastKnownFileType</key>
				<string>text.plist.xml</string>
				<key>path</key>
				<string>openFrameworks-Info.plist</string>
				<key>sourceTree</key>
				<string>&lt;group&gt;</string>
			</dict>
			<key>E4B6FFFD0C3F9AB9008CF71C</key>
			<dict>
				<key>buildActionMask</key>
				<string>2147483647</string>
				<key>files</key>
				<array />
				<key>inputPaths</key>
				<array />
				<key>isa</key>
				<string>PBXShellScriptBuildPhase</string>
				<key>outputPaths</key>
				<array />
				<key>runOnlyForDeploymentPostprocessing</key>
				<string>0</string>
				<key>shellPath</key>
				<string>/bin/sh</string>
				<key>shellScript</key>
				<string>mkdir -p "$TARGET_BUILD_DIR/$PRODUCT_NAME.app/Contents/Resources/"
# Copy default icon file into App/Resources
rsync -aved "$ICON_FILE" "$TARGET_BUILD_DIR/$PRODUCT_NAME.app/Contents/Resources/"
# Copy libfmod and change install directory for fmod to run
rsync -aved ../../../../../OpenFrameworks/of_v0.9.8_osx_release/libs/fmodex/lib/osx/libfmodex.dylib "$TARGET_BUILD_DIR/$PRODUCT_NAME.app/Contents/Frameworks/";
install_name_tool -change @executable_path/libfmodex.dylib @executable_path/../Frameworks/libfmodex.dylib "$TARGET_BUILD_DIR/$PRODUCT_NAME.app/Contents/MacOS/$PRODUCT_NAME";
# Copy GLUT framework (must remove for AppStore submissions)
rsync -aved ../../../../../OpenFrameworks/of_v0.9.8_osx_release/libs/glut/lib/osx/GLUT.framework "$TARGET_BUILD_DIR/$PRODUCT_NAME.app/Contents/Frameworks/"
</string>
			</dict>
			<key>E4C2427710CC5ABF004149E2</key>
			<dict>
				<key>buildActionMask</key>
				<string>2147483647</string>
				<key>dstPath</key>
				<string />
				<key>dstSubfolderSpec</key>
				<string>10</string>
				<key>files</key>
				<array>
					<string>4D508D34156E7076531D9084</string>
				</array>
				<key>isa</key>
				<string>PBXCopyFilesBuildPhase</string>
				<key>runOnlyForDeploymentPostprocessing</key>
				<string>0</string>
			</dict>
			<key>E4EB691F138AFCF100A09F29</key>
			<dict>
				<key>fileEncoding</key>
				<string>4</string>
				<key>isa</key>
				<string>PBXFileReference</string>
				<key>lastKnownFileType</key>
				<string>text.xcconfig</string>
				<key>name</key>
				<string>CoreOF.xcconfig</string>
				<key>path</key>
				<string>../../../../../OpenFrameworks/of_v0.9.8_osx_release/libs/openFrameworksCompiled/project/osx/CoreOF.xcconfig</string>
				<key>sourceTree</key>
				<string>SOURCE_ROOT</string>
			</dict>
			<key>E4EB6923138AFD0F00A09F29</key>
			<dict>
				<key>fileEncoding</key>
				<string>4</string>
				<key>isa</key>
				<string>PBXFileReference</string>
				<key>lastKnownFileType</key>
				<string>text.xcconfig</string>
				<key>path</key>
				<string>Project.xcconfig</string>
				<key>sourceTree</key>
				<string>&lt;group&gt;</string>
			</dict>
			<key>E4EEB9AB138B136A00A80321</key>
			<dict>
				<key>containerPortal</key>
				<string>E4328143138ABC890047C5CB</string>
				<key>isa</key>
				<string>PBXContainerItemProxy</string>
				<key>proxyType</key>
				<string>1</string>
				<key>remoteGlobalIDString</key>
				<string>E4B27C1410CBEB8E00536013</string>
				<key>remoteInfo</key>
				<string>openFrameworks</string>
			</dict>
			<key>E4EEB9AC138B136A00A80321</key>
			<dict>
				<key>isa</key>
				<string>PBXTargetDependency</string>
				<key>name</key>
				<string>openFrameworks</string>
				<key>targetProxy</key>
				<string>E4EEB9AB138B136A00A80321</string>
			</dict>
			<key>E4EEC9E9138DF44700A80321</key>
			<dict>
				<key>children</key>
				<array>
					<string>E4EB691F138AFCF100A09F29</string>
					<string>E4328143138ABC890047C5CB</string>
				</array>
				<key>isa</key>
				<string>PBXGroup</string>
				<key>name</key>
				<string>openFrameworks</string>
				<key>sourceTree</key>
				<string>&lt;group&gt;</string>
			</dict>
		</dict>
		<key>rootObject</key>
		<string>E4B69B4C0A3A1720003C02F2</string>
	</dict>
</plist>
